
Microsoft Visual Studio Solution File, Format Version 12.00
# Visual Studio Version 17
VisualStudioVersion = 17.9.34728.123
MinimumVisualStudioVersion = 10.0.40219.1
Project("{FAE04EC0-301F-11D3-BF4B-00C04F79EFBC}") = "ProgramasRazor", "ProgramasRazor\ProgramasRazor.csproj", "{8B18C565-F523-4BA8-878D-11C99817CBDA}"
EndProject
Global
	GlobalSection(SolutionConfigurationPlatforms) = preSolution
		Debug|Any CPU = Debug|Any CPU
		Release|Any CPU = Release|Any CPU
	EndGlobalSection
	GlobalSection(ProjectConfigurationPlatforms) = postSolution
		{8B18C565-F523-4BA8-878D-11C99817CBDA}.Debug|Any CPU.ActiveCfg = Debug|Any CPU
		{8B18C565-F523-4BA8-878D-11C99817CBDA}.Debug|Any CPU.Build.0 = Debug|Any CPU
		{8B18C565-F523-4BA8-878D-11C99817CBDA}.Release|Any CPU.ActiveCfg = Release|Any CPU
		{8B18C565-F523-4BA8-878D-11C99817CBDA}.Release|Any CPU.Build.0 = Release|Any CPU
	EndGlobalSection
	GlobalSection(SolutionProperties) = preSolution
		HideSolutionNode = FALSE
	EndGlobalSection
	GlobalSection(ExtensibilityGlobals) = postSolution
		SolutionGuid = {F57E62E6-D6C0-46D2-BE97-37D55BCB53E1}
	EndGlobalSection
EndGlobal
